
Microsoft Visual Studio Solution File, Format Version 12.00
# Visual Studio Version 17
VisualStudioVersion = 17.5.33516.290
MinimumVisualStudioVersion = 10.0.40219.1
Project("{FAE04EC0-301F-11D3-BF4B-00C04F79EFBC}") = "Invoices.DAL", "Invoices.DAL\Invoices.DAL.csproj", "{153F046E-B6AF-4E98-B475-C5B54B04AE94}"
EndProject
Project("{FAE04EC0-301F-11D3-BF4B-00C04F79EFBC}") = "Invoices.BLL", "Invoices.BLL\Invoices.BLL.csproj", "{452B72FA-D549-417E-823E-8A7EB03212BF}"
EndProject
Project("{FAE04EC0-301F-11D3-BF4B-00C04F79EFBC}") = "Invoices.PL", "Invoices.PL\Invoices.PL.csproj", "{2B602A41-D277-4461-909D-8D85DE0FA2FB}"
EndProject
Global
	GlobalSection(SolutionConfigurationPlatforms) = preSolution
		Debug|Any CPU = Debug|Any CPU
		Release|Any CPU = Release|Any CPU
	EndGlobalSection
	GlobalSection(ProjectConfigurationPlatforms) = postSolution
		{153F046E-B6AF-4E98-B475-C5B54B04AE94}.Debug|Any CPU.ActiveCfg = Debug|Any CPU
		{153F046E-B6AF-4E98-B475-C5B54B04AE94}.Debug|Any CPU.Build.0 = Debug|Any CPU
		{153F046E-B6AF-4E98-B475-C5B54B04AE94}.Release|Any CPU.ActiveCfg = Release|Any CPU
		{153F046E-B6AF-4E98-B475-C5B54B04AE94}.Release|Any CPU.Build.0 = Release|Any CPU
		{452B72FA-D549-417E-823E-8A7EB03212BF}.Debug|Any CPU.ActiveCfg = Debug|Any CPU
		{452B72FA-D549-417E-823E-8A7EB03212BF}.Debug|Any CPU.Build.0 = Debug|Any CPU
		{452B72FA-D549-417E-823E-8A7EB03212BF}.Release|Any CPU.ActiveCfg = Release|Any CPU
		{452B72FA-D549-417E-823E-8A7EB03212BF}.Release|Any CPU.Build.0 = Release|Any CPU
		{2B602A41-D277-4461-909D-8D85DE0FA2FB}.Debug|Any CPU.ActiveCfg = Debug|Any CPU
		{2B602A41-D277-4461-909D-8D85DE0FA2FB}.Debug|Any CPU.Build.0 = Debug|Any CPU
		{2B602A41-D277-4461-909D-8D85DE0FA2FB}.Release|Any CPU.ActiveCfg = Release|Any CPU
		{2B602A41-D277-4461-909D-8D85DE0FA2FB}.Release|Any CPU.Build.0 = Release|Any CPU
	EndGlobalSection
	GlobalSection(SolutionProperties) = preSolution
		HideSolutionNode = FALSE
	EndGlobalSection
	GlobalSection(ExtensibilityGlobals) = postSolution
		SolutionGuid = {F1BB9E16-60D5-4255-8101-EF204BBF1BDF}
	EndGlobalSection
EndGlobal
